{
  "version": 4,
  "terraform_version": "1.5.5",
  "serial": 17,
  "lineage": "d8a60325-50c6-80e0-8b7f-6cf969c37563",
  "outputs": {
    "file_id": {
      "value": "781b38e159cba7534bbbb1a18c5c747ac14680d2",
      "type": "string"
    }
  },
  "resources": [
    {
      "mode": "managed",
      "type": "local_file",
      "name": "this",
      "provider": "provider[\"registry.terraform.io/hashicorp/local\"]",
      "instances": [
        {
          "schema_version": 0,
          "attributes": {
            "content": "MyInjectedValue",
            "content_base64": null,
            "content_base64sha256": "XCRcBMdKTuoQPAS3x2q4oGLmyejhG0t1IkQcBQZAPdQ=",
            "content_base64sha512": "nt6iQQOdu9CBMQ1Kb8P9nlQTQlc3r/gPwV1B+8j9Mq3BJDJECX0SMUdjL6axqiNVZF4TB2iyvFYPR7NFEEjmiQ==",
            "content_md5": "71ef9590c1716a931590e973a1c03db2",
            "content_sha1": "781b38e159cba7534bbbb1a18c5c747ac14680d2",
            "content_sha256": "5c245c04c74a4eea103c04b7c76ab8a062e6c9e8e11b4b7522441c0506403dd4",
            "content_sha512": "9edea241039dbbd081310d4a6fc3fd9e5413425737aff80fc15d41fbc8fd32adc1243244097d123147632fa6b1aa2355645e130768b2bc560f47b3451048e689",
            "directory_permission": "0777",
            "file_permission": "0777",
            "filename": "./test.txt",
            "id": "781b38e159cba7534bbbb1a18c5c747ac14680d2",
            "sensitive_content": null,
            "source": null
          },
          "sensitive_attributes": []
        }
      ]
    },
    {
      "module": "module.spells",
      "mode": "managed",
      "type": "local_file",
      "name": "eldritch_spell",
      "provider": "provider[\"registry.terraform.io/hashicorp/local\"]",
      "instances": [
        {
          "schema_version": 0,
          "attributes": {
            "content": "This is a spell book that can be used at level 4",
            "content_base64": null,
            "content_base64sha256": "sigA2HH7ZZAYDc4y+ZagVQYMASkQVF5osKqONrVmsVo=",
            "content_base64sha512": "4GASdjL9wDGAyDyF0MbGylnXwH0OGMnCbZrGT6oagJ2oRTEnjh1ZQA/FMnDBq1757xIblg9kHLRIAwSGwNm1RQ==",
            "content_md5": "789518c81dc199e47475dd733997caa0",
            "content_sha1": "631d5e8a8ed156b952d387c94d98450d8d6a50f0",
            "content_sha256": "b22800d871fb6590180dce32f996a055060c012910545e68b0aa8e36b566b15a",
            "content_sha512": "e060127632fdc03180c83c85d0c6c6ca59d7c07d0e18c9c26d9ac64faa1a809da84531278e1d59400fc53270c1ab5ef9ef121b960f641cb448030486c0d9b545",
            "directory_permission": "0777",
            "file_permission": "0777",
            "filename": "modules/spells/eldritch-spell.txt",
            "id": "631d5e8a8ed156b952d387c94d98450d8d6a50f0",
            "sensitive_content": null,
            "source": null
          },
          "sensitive_attributes": []
        }
      ]
    },
    {
      "module": "module.spells",
      "mode": "managed",
      "type": "local_file",
      "name": "fire_spell",
      "provider": "provider[\"registry.terraform.io/hashicorp/local\"]",
      "instances": [
        {
          "schema_version": 0,
          "attributes": {
            "content": "This is a spell book to be use at level 5",
            "content_base64": null,
            "content_base64sha256": "1FjjtUQLNvzKyAPeoVYTsNZivPn6qQXGWPoFdBoRKrE=",
            "content_base64sha512": "Tu2zUmWnoQsbX5tmItSHqZsAJNN0tWKbj3oxgl+G233Y3iG0fbnR1e7aEUvCAQK51bLeEZXcXnCqDZ1VVei/qg==",
            "content_md5": "a16b95c2a70a5a3e952a2a91c21f7a12",
            "content_sha1": "6dfeb219d07f9b6de8e646e5e820067da9818171",
            "content_sha256": "d458e3b5440b36fccac803dea15613b0d662bcf9faa905c658fa05741a112ab1",
            "content_sha512": "4eedb35265a7a10b1b5f9b6622d487a99b0024d374b5629b8f7a31825f86db7dd8de21b47db9d1d5eeda114bc20102b9d5b2de1195dc5e70aa0d9d5555e8bfaa",
            "directory_permission": "0777",
            "file_permission": "0777",
            "filename": "modules/spells/fire-spell.txt",
            "id": "6dfeb219d07f9b6de8e646e5e820067da9818171",
            "sensitive_content": null,
            "source": null
          },
          "sensitive_attributes": []
        }
      ]
    },
    {
      "module": "module.spells",
      "mode": "managed",
      "type": "local_file",
      "name": "frost_spell",
      "provider": "provider[\"registry.terraform.io/hashicorp/local\"]",
      "instances": [
        {
          "schema_version": 0,
          "attributes": {
            "content": "This is a spell book to be use at level 2",
            "content_base64": null,
            "content_base64sha256": "HAdL5CO5e0Y3v9i75pFvNndFWL7oU1My3tOnqsKfSNM=",
            "content_base64sha512": "1csiKqnEjjbg517cZ+UH2CtgBSs0iKj44T113q7KBLLM5srv81ePMubDA5D4xSgTAPFSh5SegXzNl902Frt72w==",
            "content_md5": "cde421d3456847e464ea06efa21d67ff",
            "content_sha1": "40769cd1541147b8ac1307b7607f81855c3ea054",
            "content_sha256": "1c074be423b97b4637bfd8bbe6916f36774558bee8535332ded3a7aac29f48d3",
            "content_sha512": "d5cb222aa9c48e36e0e75edc67e507d82b60052b3488a8f8e13d75deaeca04b2cce6caeff3578f32e6c30390f8c5281300f15287949e817ccd97dd3616bb7bdb",
            "directory_permission": "0777",
            "file_permission": "0777",
            "filename": "modules/spells/frost-spell.txt",
            "id": "40769cd1541147b8ac1307b7607f81855c3ea054",
            "sensitive_content": null,
            "source": null
          },
          "sensitive_attributes": []
        }
      ]
    }
  ],
  "check_results": null
}
