{
  "version": 4,
  "terraform_version": "1.5.5",
  "serial": 3,
  "lineage": "d8a60325-50c6-80e0-8b7f-6cf969c37563",
  "outputs": {},
  "resources": [
    {
      "mode": "managed",
      "type": "local_file",
      "name": "this",
      "provider": "provider[\"registry.terraform.io/hashicorp/local\"]",
      "instances": [
        {
          "schema_version": 0,
          "attributes": {
            "content": "Hello, Payfit !",
            "content_base64": null,
            "content_base64sha256": "YEgdiUs9x2VrFJNsyLleDp2KK0PATPiZy3+W0n9OQ0w=",
            "content_base64sha512": "o5xoPD0jHBLskbNDFQ6lkHpNCJNN3bsnoNSbuS3VHVs9lfBkt1EHMshKN9lsIxpMpYS/fczeDyEyXA278Fm8Jg==",
            "content_md5": "b916d3002a3278acd8be3ff0b30512f9",
            "content_sha1": "4207996d635a1c458818937300980ebeaead86de",
            "content_sha256": "60481d894b3dc7656b14936cc8b95e0e9d8a2b43c04cf899cb7f96d27f4e434c",
            "content_sha512": "a39c683c3d231c12ec91b343150ea5907a4d08934dddbb27a0d49bb92dd51d5b3d95f064b7510732c84a37d96c231a4ca584bf7dccde0f21325c0dbbf059bc26",
            "directory_permission": "0777",
            "file_permission": "0777",
            "filename": "./test.txt",
            "id": "4207996d635a1c458818937300980ebeaead86de",
            "sensitive_content": null,
            "source": null
          },
          "sensitive_attributes": []
        }
      ]
    }
  ],
  "check_results": null
}
