{
  "version": 4,
  "terraform_version": "1.5.5",
  "serial": 7,
  "lineage": "d8a60325-50c6-80e0-8b7f-6cf969c37563",
  "outputs": {
    "file_id": {
      "value": "781b38e159cba7534bbbb1a18c5c747ac14680d2",
      "type": "string"
    }
  },
  "resources": [
    {
      "mode": "managed",
      "type": "local_file",
      "name": "this",
      "provider": "provider[\"registry.terraform.io/hashicorp/local\"]",
      "instances": [
        {
          "schema_version": 0,
          "attributes": {
            "content": "MyInjectedValue",
            "content_base64": null,
            "content_base64sha256": "XCRcBMdKTuoQPAS3x2q4oGLmyejhG0t1IkQcBQZAPdQ=",
            "content_base64sha512": "nt6iQQOdu9CBMQ1Kb8P9nlQTQlc3r/gPwV1B+8j9Mq3BJDJECX0SMUdjL6axqiNVZF4TB2iyvFYPR7NFEEjmiQ==",
            "content_md5": "71ef9590c1716a931590e973a1c03db2",
            "content_sha1": "781b38e159cba7534bbbb1a18c5c747ac14680d2",
            "content_sha256": "5c245c04c74a4eea103c04b7c76ab8a062e6c9e8e11b4b7522441c0506403dd4",
            "content_sha512": "9edea241039dbbd081310d4a6fc3fd9e5413425737aff80fc15d41fbc8fd32adc1243244097d123147632fa6b1aa2355645e130768b2bc560f47b3451048e689",
            "directory_permission": "0777",
            "file_permission": "0777",
            "filename": "./test.txt",
            "id": "781b38e159cba7534bbbb1a18c5c747ac14680d2",
            "sensitive_content": null,
            "source": null
          },
          "sensitive_attributes": []
        }
      ]
    }
  ],
  "check_results": null
}
